
Microsoft Visual Studio Solution File, Format Version 12.00
# Visual Studio Version 17
VisualStudioVersion = 17.12.35707.178
MinimumVisualStudioVersion = 10.0.40219.1
Project("{8BC9CEB8-8B4A-11D0-8D11-00A0C91BC942}") = "KV", "KV\KV.vcxproj", "{3B08BE99-CF54-4025-B10B-1D626CE6A7E9}"
EndProject
Project("{8BC9CEB8-8B4A-11D0-8D11-00A0C91BC942}") = "Test", "Test\Test.vcxproj", "{AEE1333B-3D06-460F-A522-2340A3AA2476}"
	ProjectSection(ProjectDependencies) = postProject
		{3B08BE99-CF54-4025-B10B-1D626CE6A7E9} = {3B08BE99-CF54-4025-B10B-1D626CE6A7E9}
	EndProjectSection
EndProject
Project("{8BC9CEB8-8B4A-11D0-8D11-00A0C91BC942}") = "TestShared", "TestShared\TestShared.vcxproj", "{DBD5EA92-C827-4947-87E4-8B682347475B}"
EndProject
Project("{2150E333-8FDC-42A3-9474-1A3956D46DE8}") = "CSharp", "CSharp", "{A94224B2-2CAC-48C2-B808-9A6AE87EF1B4}"
EndProject
Project("{FAE04EC0-301F-11D3-BF4B-00C04F79EFBC}") = "KVSharp.netstandard", "CSharp\KVSharp.netstandard\KVSharp.netstandard.csproj", "{1A3E7498-5707-4EC4-A265-D1C9FF0294EB}"
EndProject
Project("{2150E333-8FDC-42A3-9474-1A3956D46DE8}") = "Test", "Test", "{37D13FA4-AE97-4E5A-BC37-219ED418937D}"
EndProject
Project("{FAE04EC0-301F-11D3-BF4B-00C04F79EFBC}") = "KVSharp.framework20", "CSharp\KVSharp.framework20\KVSharp.framework20.csproj", "{2DA2F5F0-E397-4253-8CBE-A2C626DAC4DF}"
EndProject
Project("{FAE04EC0-301F-11D3-BF4B-00C04F79EFBC}") = "KVSharp.framework30", "CSharp\KVSharp.framework30\KVSharp.framework30.csproj", "{FAE63708-9EDB-4391-82BE-3D6C13CD184A}"
EndProject
Project("{FAE04EC0-301F-11D3-BF4B-00C04F79EFBC}") = "KVSharp.framework35", "CSharp\KVSharp.framework35\KVSharp.framework35.csproj", "{28F41B0A-8F73-434F-A751-4A92009B108E}"
EndProject
Project("{FAE04EC0-301F-11D3-BF4B-00C04F79EFBC}") = "KVSharp.framework40", "CSharp\KVSharp.framework40\KVSharp.framework40.csproj", "{E212BF06-E6A1-4E40-8797-F951FDA82F1C}"
EndProject
Project("{FAE04EC0-301F-11D3-BF4B-00C04F79EFBC}") = "KVSharp.framework45", "CSharp\KVSharp.framework45\KVSharp.framework45.csproj", "{202B51BF-6FDE-4E5F-B8F5-6AA2643FB792}"
EndProject
Project("{FAE04EC0-301F-11D3-BF4B-00C04F79EFBC}") = "KVSharp.framework46", "CSharp\KVSharp.framework46\KVSharp.framework46.csproj", "{B3ABDC9C-3143-4E76-8D0F-A5DAEB7B4DA9}"
EndProject
Project("{FAE04EC0-301F-11D3-BF4B-00C04F79EFBC}") = "KVSharp.framework47", "CSharp\KVSharp.framework47\KVSharp.framework47.csproj", "{88BB27DD-7686-4AFD-A217-143226679BAC}"
EndProject
Project("{FAE04EC0-301F-11D3-BF4B-00C04F79EFBC}") = "KVSharp.framework48", "CSharp\KVSharp.framework48\KVSharp.framework48.csproj", "{A8655F4E-606D-46CC-B612-54DE0D060143}"
EndProject
Project("{FAE04EC0-301F-11D3-BF4B-00C04F79EFBC}") = "TestNet", "TestNet\TestNet.csproj", "{8C5F32FE-3850-4768-83B0-C1FFF1BCBEDD}"
EndProject
Project("{FAE04EC0-301F-11D3-BF4B-00C04F79EFBC}") = "TestNetFramework", "TestNetFramework\TestNetFramework.csproj", "{436DA835-75D5-4AD8-B40F-EB990C6B027D}"
EndProject
Global
	GlobalSection(SolutionConfigurationPlatforms) = preSolution
		Debug|Any CPU = Debug|Any CPU
		Debug|x64 = Debug|x64
		Debug|x86 = Debug|x86
		Release|Any CPU = Release|Any CPU
		Release|x64 = Release|x64
		Release|x86 = Release|x86
	EndGlobalSection
	GlobalSection(ProjectConfigurationPlatforms) = postSolution
		{3B08BE99-CF54-4025-B10B-1D626CE6A7E9}.Debug|Any CPU.ActiveCfg = Debug|x64
		{3B08BE99-CF54-4025-B10B-1D626CE6A7E9}.Debug|Any CPU.Build.0 = Debug|x64
		{3B08BE99-CF54-4025-B10B-1D626CE6A7E9}.Debug|x64.ActiveCfg = Debug|x64
		{3B08BE99-CF54-4025-B10B-1D626CE6A7E9}.Debug|x64.Build.0 = Debug|x64
		{3B08BE99-CF54-4025-B10B-1D626CE6A7E9}.Debug|x86.ActiveCfg = Debug|Win32
		{3B08BE99-CF54-4025-B10B-1D626CE6A7E9}.Debug|x86.Build.0 = Debug|Win32
		{3B08BE99-CF54-4025-B10B-1D626CE6A7E9}.Release|Any CPU.ActiveCfg = Release|x64
		{3B08BE99-CF54-4025-B10B-1D626CE6A7E9}.Release|Any CPU.Build.0 = Release|x64
		{3B08BE99-CF54-4025-B10B-1D626CE6A7E9}.Release|x64.ActiveCfg = Release|x64
		{3B08BE99-CF54-4025-B10B-1D626CE6A7E9}.Release|x64.Build.0 = Release|x64
		{3B08BE99-CF54-4025-B10B-1D626CE6A7E9}.Release|x86.ActiveCfg = Release|Win32
		{3B08BE99-CF54-4025-B10B-1D626CE6A7E9}.Release|x86.Build.0 = Release|Win32
		{AEE1333B-3D06-460F-A522-2340A3AA2476}.Debug|Any CPU.ActiveCfg = Debug|x64
		{AEE1333B-3D06-460F-A522-2340A3AA2476}.Debug|Any CPU.Build.0 = Debug|x64
		{AEE1333B-3D06-460F-A522-2340A3AA2476}.Debug|x64.ActiveCfg = Debug|x64
		{AEE1333B-3D06-460F-A522-2340A3AA2476}.Debug|x64.Build.0 = Debug|x64
		{AEE1333B-3D06-460F-A522-2340A3AA2476}.Debug|x86.ActiveCfg = Debug|Win32
		{AEE1333B-3D06-460F-A522-2340A3AA2476}.Debug|x86.Build.0 = Debug|Win32
		{AEE1333B-3D06-460F-A522-2340A3AA2476}.Release|Any CPU.ActiveCfg = Release|x64
		{AEE1333B-3D06-460F-A522-2340A3AA2476}.Release|Any CPU.Build.0 = Release|x64
		{AEE1333B-3D06-460F-A522-2340A3AA2476}.Release|x64.ActiveCfg = Release|x64
		{AEE1333B-3D06-460F-A522-2340A3AA2476}.Release|x64.Build.0 = Release|x64
		{AEE1333B-3D06-460F-A522-2340A3AA2476}.Release|x86.ActiveCfg = Release|Win32
		{AEE1333B-3D06-460F-A522-2340A3AA2476}.Release|x86.Build.0 = Release|Win32
		{DBD5EA92-C827-4947-87E4-8B682347475B}.Debug|Any CPU.ActiveCfg = Debug|x64
		{DBD5EA92-C827-4947-87E4-8B682347475B}.Debug|Any CPU.Build.0 = Debug|x64
		{DBD5EA92-C827-4947-87E4-8B682347475B}.Debug|x64.ActiveCfg = Debug|x64
		{DBD5EA92-C827-4947-87E4-8B682347475B}.Debug|x64.Build.0 = Debug|x64
		{DBD5EA92-C827-4947-87E4-8B682347475B}.Debug|x86.ActiveCfg = Debug|Win32
		{DBD5EA92-C827-4947-87E4-8B682347475B}.Debug|x86.Build.0 = Debug|Win32
		{DBD5EA92-C827-4947-87E4-8B682347475B}.Release|Any CPU.ActiveCfg = Release|x64
		{DBD5EA92-C827-4947-87E4-8B682347475B}.Release|Any CPU.Build.0 = Release|x64
		{DBD5EA92-C827-4947-87E4-8B682347475B}.Release|x64.ActiveCfg = Release|x64
		{DBD5EA92-C827-4947-87E4-8B682347475B}.Release|x64.Build.0 = Release|x64
		{DBD5EA92-C827-4947-87E4-8B682347475B}.Release|x86.ActiveCfg = Release|Win32
		{DBD5EA92-C827-4947-87E4-8B682347475B}.Release|x86.Build.0 = Release|Win32
		{1A3E7498-5707-4EC4-A265-D1C9FF0294EB}.Debug|Any CPU.ActiveCfg = Debug|Any CPU
		{1A3E7498-5707-4EC4-A265-D1C9FF0294EB}.Debug|Any CPU.Build.0 = Debug|Any CPU
		{1A3E7498-5707-4EC4-A265-D1C9FF0294EB}.Debug|x64.ActiveCfg = Debug|Any CPU
		{1A3E7498-5707-4EC4-A265-D1C9FF0294EB}.Debug|x64.Build.0 = Debug|Any CPU
		{1A3E7498-5707-4EC4-A265-D1C9FF0294EB}.Debug|x86.ActiveCfg = Debug|Any CPU
		{1A3E7498-5707-4EC4-A265-D1C9FF0294EB}.Debug|x86.Build.0 = Debug|Any CPU
		{1A3E7498-5707-4EC4-A265-D1C9FF0294EB}.Release|Any CPU.ActiveCfg = Release|Any CPU
		{1A3E7498-5707-4EC4-A265-D1C9FF0294EB}.Release|Any CPU.Build.0 = Release|Any CPU
		{1A3E7498-5707-4EC4-A265-D1C9FF0294EB}.Release|x64.ActiveCfg = Release|Any CPU
		{1A3E7498-5707-4EC4-A265-D1C9FF0294EB}.Release|x64.Build.0 = Release|Any CPU
		{1A3E7498-5707-4EC4-A265-D1C9FF0294EB}.Release|x86.ActiveCfg = Release|Any CPU
		{1A3E7498-5707-4EC4-A265-D1C9FF0294EB}.Release|x86.Build.0 = Release|Any CPU
		{2DA2F5F0-E397-4253-8CBE-A2C626DAC4DF}.Debug|Any CPU.ActiveCfg = Debug|Any CPU
		{2DA2F5F0-E397-4253-8CBE-A2C626DAC4DF}.Debug|Any CPU.Build.0 = Debug|Any CPU
		{2DA2F5F0-E397-4253-8CBE-A2C626DAC4DF}.Debug|x64.ActiveCfg = Debug|x64
		{2DA2F5F0-E397-4253-8CBE-A2C626DAC4DF}.Debug|x64.Build.0 = Debug|x64
		{2DA2F5F0-E397-4253-8CBE-A2C626DAC4DF}.Debug|x86.ActiveCfg = Debug|x86
		{2DA2F5F0-E397-4253-8CBE-A2C626DAC4DF}.Debug|x86.Build.0 = Debug|x86
		{2DA2F5F0-E397-4253-8CBE-A2C626DAC4DF}.Release|Any CPU.ActiveCfg = Release|Any CPU
		{2DA2F5F0-E397-4253-8CBE-A2C626DAC4DF}.Release|Any CPU.Build.0 = Release|Any CPU
		{2DA2F5F0-E397-4253-8CBE-A2C626DAC4DF}.Release|x64.ActiveCfg = Release|x64
		{2DA2F5F0-E397-4253-8CBE-A2C626DAC4DF}.Release|x64.Build.0 = Release|x64
		{2DA2F5F0-E397-4253-8CBE-A2C626DAC4DF}.Release|x86.ActiveCfg = Release|x86
		{2DA2F5F0-E397-4253-8CBE-A2C626DAC4DF}.Release|x86.Build.0 = Release|x86
		{FAE63708-9EDB-4391-82BE-3D6C13CD184A}.Debug|Any CPU.ActiveCfg = Debug|Any CPU
		{FAE63708-9EDB-4391-82BE-3D6C13CD184A}.Debug|Any CPU.Build.0 = Debug|Any CPU
		{FAE63708-9EDB-4391-82BE-3D6C13CD184A}.Debug|x64.ActiveCfg = Debug|x64
		{FAE63708-9EDB-4391-82BE-3D6C13CD184A}.Debug|x64.Build.0 = Debug|x64
		{FAE63708-9EDB-4391-82BE-3D6C13CD184A}.Debug|x86.ActiveCfg = Debug|x86
		{FAE63708-9EDB-4391-82BE-3D6C13CD184A}.Debug|x86.Build.0 = Debug|x86
		{FAE63708-9EDB-4391-82BE-3D6C13CD184A}.Release|Any CPU.ActiveCfg = Release|Any CPU
		{FAE63708-9EDB-4391-82BE-3D6C13CD184A}.Release|Any CPU.Build.0 = Release|Any CPU
		{FAE63708-9EDB-4391-82BE-3D6C13CD184A}.Release|x64.ActiveCfg = Release|x64
		{FAE63708-9EDB-4391-82BE-3D6C13CD184A}.Release|x64.Build.0 = Release|x64
		{FAE63708-9EDB-4391-82BE-3D6C13CD184A}.Release|x86.ActiveCfg = Release|x86
		{FAE63708-9EDB-4391-82BE-3D6C13CD184A}.Release|x86.Build.0 = Release|x86
		{28F41B0A-8F73-434F-A751-4A92009B108E}.Debug|Any CPU.ActiveCfg = Debug|Any CPU
		{28F41B0A-8F73-434F-A751-4A92009B108E}.Debug|Any CPU.Build.0 = Debug|Any CPU
		{28F41B0A-8F73-434F-A751-4A92009B108E}.Debug|x64.ActiveCfg = Debug|x64
		{28F41B0A-8F73-434F-A751-4A92009B108E}.Debug|x64.Build.0 = Debug|x64
		{28F41B0A-8F73-434F-A751-4A92009B108E}.Debug|x86.ActiveCfg = Debug|x86
		{28F41B0A-8F73-434F-A751-4A92009B108E}.Debug|x86.Build.0 = Debug|x86
		{28F41B0A-8F73-434F-A751-4A92009B108E}.Release|Any CPU.ActiveCfg = Release|Any CPU
		{28F41B0A-8F73-434F-A751-4A92009B108E}.Release|Any CPU.Build.0 = Release|Any CPU
		{28F41B0A-8F73-434F-A751-4A92009B108E}.Release|x64.ActiveCfg = Release|x64
		{28F41B0A-8F73-434F-A751-4A92009B108E}.Release|x64.Build.0 = Release|x64
		{28F41B0A-8F73-434F-A751-4A92009B108E}.Release|x86.ActiveCfg = Release|x86
		{28F41B0A-8F73-434F-A751-4A92009B108E}.Release|x86.Build.0 = Release|x86
		{E212BF06-E6A1-4E40-8797-F951FDA82F1C}.Debug|Any CPU.ActiveCfg = Debug|Any CPU
		{E212BF06-E6A1-4E40-8797-F951FDA82F1C}.Debug|Any CPU.Build.0 = Debug|Any CPU
		{E212BF06-E6A1-4E40-8797-F951FDA82F1C}.Debug|x64.ActiveCfg = Debug|x64
		{E212BF06-E6A1-4E40-8797-F951FDA82F1C}.Debug|x64.Build.0 = Debug|x64
		{E212BF06-E6A1-4E40-8797-F951FDA82F1C}.Debug|x86.ActiveCfg = Debug|x86
		{E212BF06-E6A1-4E40-8797-F951FDA82F1C}.Debug|x86.Build.0 = Debug|x86
		{E212BF06-E6A1-4E40-8797-F951FDA82F1C}.Release|Any CPU.ActiveCfg = Release|Any CPU
		{E212BF06-E6A1-4E40-8797-F951FDA82F1C}.Release|Any CPU.Build.0 = Release|Any CPU
		{E212BF06-E6A1-4E40-8797-F951FDA82F1C}.Release|x64.ActiveCfg = Release|x64
		{E212BF06-E6A1-4E40-8797-F951FDA82F1C}.Release|x64.Build.0 = Release|x64
		{E212BF06-E6A1-4E40-8797-F951FDA82F1C}.Release|x86.ActiveCfg = Release|x86
		{E212BF06-E6A1-4E40-8797-F951FDA82F1C}.Release|x86.Build.0 = Release|x86
		{202B51BF-6FDE-4E5F-B8F5-6AA2643FB792}.Debug|Any CPU.ActiveCfg = Debug|Any CPU
		{202B51BF-6FDE-4E5F-B8F5-6AA2643FB792}.Debug|Any CPU.Build.0 = Debug|Any CPU
		{202B51BF-6FDE-4E5F-B8F5-6AA2643FB792}.Debug|x64.ActiveCfg = Debug|x64
		{202B51BF-6FDE-4E5F-B8F5-6AA2643FB792}.Debug|x64.Build.0 = Debug|x64
		{202B51BF-6FDE-4E5F-B8F5-6AA2643FB792}.Debug|x86.ActiveCfg = Debug|x86
		{202B51BF-6FDE-4E5F-B8F5-6AA2643FB792}.Debug|x86.Build.0 = Debug|x86
		{202B51BF-6FDE-4E5F-B8F5-6AA2643FB792}.Release|Any CPU.ActiveCfg = Release|Any CPU
		{202B51BF-6FDE-4E5F-B8F5-6AA2643FB792}.Release|Any CPU.Build.0 = Release|Any CPU
		{202B51BF-6FDE-4E5F-B8F5-6AA2643FB792}.Release|x64.ActiveCfg = Release|x64
		{202B51BF-6FDE-4E5F-B8F5-6AA2643FB792}.Release|x64.Build.0 = Release|x64
		{202B51BF-6FDE-4E5F-B8F5-6AA2643FB792}.Release|x86.ActiveCfg = Release|x86
		{202B51BF-6FDE-4E5F-B8F5-6AA2643FB792}.Release|x86.Build.0 = Release|x86
		{B3ABDC9C-3143-4E76-8D0F-A5DAEB7B4DA9}.Debug|Any CPU.ActiveCfg = Debug|Any CPU
		{B3ABDC9C-3143-4E76-8D0F-A5DAEB7B4DA9}.Debug|Any CPU.Build.0 = Debug|Any CPU
		{B3ABDC9C-3143-4E76-8D0F-A5DAEB7B4DA9}.Debug|x64.ActiveCfg = Debug|x64
		{B3ABDC9C-3143-4E76-8D0F-A5DAEB7B4DA9}.Debug|x64.Build.0 = Debug|x64
		{B3ABDC9C-3143-4E76-8D0F-A5DAEB7B4DA9}.Debug|x86.ActiveCfg = Debug|x86
		{B3ABDC9C-3143-4E76-8D0F-A5DAEB7B4DA9}.Debug|x86.Build.0 = Debug|x86
		{B3ABDC9C-3143-4E76-8D0F-A5DAEB7B4DA9}.Release|Any CPU.ActiveCfg = Release|Any CPU
		{B3ABDC9C-3143-4E76-8D0F-A5DAEB7B4DA9}.Release|Any CPU.Build.0 = Release|Any CPU
		{B3ABDC9C-3143-4E76-8D0F-A5DAEB7B4DA9}.Release|x64.ActiveCfg = Release|x64
		{B3ABDC9C-3143-4E76-8D0F-A5DAEB7B4DA9}.Release|x64.Build.0 = Release|x64
		{B3ABDC9C-3143-4E76-8D0F-A5DAEB7B4DA9}.Release|x86.ActiveCfg = Release|x86
		{B3ABDC9C-3143-4E76-8D0F-A5DAEB7B4DA9}.Release|x86.Build.0 = Release|x86
		{88BB27DD-7686-4AFD-A217-143226679BAC}.Debug|Any CPU.ActiveCfg = Debug|Any CPU
		{88BB27DD-7686-4AFD-A217-143226679BAC}.Debug|Any CPU.Build.0 = Debug|Any CPU
		{88BB27DD-7686-4AFD-A217-143226679BAC}.Debug|x64.ActiveCfg = Debug|x64
		{88BB27DD-7686-4AFD-A217-143226679BAC}.Debug|x64.Build.0 = Debug|x64
		{88BB27DD-7686-4AFD-A217-143226679BAC}.Debug|x86.ActiveCfg = Debug|x86
		{88BB27DD-7686-4AFD-A217-143226679BAC}.Debug|x86.Build.0 = Debug|x86
		{88BB27DD-7686-4AFD-A217-143226679BAC}.Release|Any CPU.ActiveCfg = Release|Any CPU
		{88BB27DD-7686-4AFD-A217-143226679BAC}.Release|Any CPU.Build.0 = Release|Any CPU
		{88BB27DD-7686-4AFD-A217-143226679BAC}.Release|x64.ActiveCfg = Release|x64
		{88BB27DD-7686-4AFD-A217-143226679BAC}.Release|x64.Build.0 = Release|x64
		{88BB27DD-7686-4AFD-A217-143226679BAC}.Release|x86.ActiveCfg = Release|x86
		{88BB27DD-7686-4AFD-A217-143226679BAC}.Release|x86.Build.0 = Release|x86
		{A8655F4E-606D-46CC-B612-54DE0D060143}.Debug|Any CPU.ActiveCfg = Debug|Any CPU
		{A8655F4E-606D-46CC-B612-54DE0D060143}.Debug|Any CPU.Build.0 = Debug|Any CPU
		{A8655F4E-606D-46CC-B612-54DE0D060143}.Debug|x64.ActiveCfg = Debug|x64
		{A8655F4E-606D-46CC-B612-54DE0D060143}.Debug|x64.Build.0 = Debug|x64
		{A8655F4E-606D-46CC-B612-54DE0D060143}.Debug|x86.ActiveCfg = Debug|x86
		{A8655F4E-606D-46CC-B612-54DE0D060143}.Debug|x86.Build.0 = Debug|x86
		{A8655F4E-606D-46CC-B612-54DE0D060143}.Release|Any CPU.ActiveCfg = Release|Any CPU
		{A8655F4E-606D-46CC-B612-54DE0D060143}.Release|Any CPU.Build.0 = Release|Any CPU
		{A8655F4E-606D-46CC-B612-54DE0D060143}.Release|x64.ActiveCfg = Release|x64
		{A8655F4E-606D-46CC-B612-54DE0D060143}.Release|x64.Build.0 = Release|x64
		{A8655F4E-606D-46CC-B612-54DE0D060143}.Release|x86.ActiveCfg = Release|x86
		{A8655F4E-606D-46CC-B612-54DE0D060143}.Release|x86.Build.0 = Release|x86
		{8C5F32FE-3850-4768-83B0-C1FFF1BCBEDD}.Debug|Any CPU.ActiveCfg = Debug|Any CPU
		{8C5F32FE-3850-4768-83B0-C1FFF1BCBEDD}.Debug|Any CPU.Build.0 = Debug|Any CPU
		{8C5F32FE-3850-4768-83B0-C1FFF1BCBEDD}.Debug|x64.ActiveCfg = Debug|Any CPU
		{8C5F32FE-3850-4768-83B0-C1FFF1BCBEDD}.Debug|x64.Build.0 = Debug|Any CPU
		{8C5F32FE-3850-4768-83B0-C1FFF1BCBEDD}.Debug|x86.ActiveCfg = Debug|Any CPU
		{8C5F32FE-3850-4768-83B0-C1FFF1BCBEDD}.Debug|x86.Build.0 = Debug|Any CPU
		{8C5F32FE-3850-4768-83B0-C1FFF1BCBEDD}.Release|Any CPU.ActiveCfg = Release|Any CPU
		{8C5F32FE-3850-4768-83B0-C1FFF1BCBEDD}.Release|Any CPU.Build.0 = Release|Any CPU
		{8C5F32FE-3850-4768-83B0-C1FFF1BCBEDD}.Release|x64.ActiveCfg = Release|Any CPU
		{8C5F32FE-3850-4768-83B0-C1FFF1BCBEDD}.Release|x64.Build.0 = Release|Any CPU
		{8C5F32FE-3850-4768-83B0-C1FFF1BCBEDD}.Release|x86.ActiveCfg = Release|Any CPU
		{8C5F32FE-3850-4768-83B0-C1FFF1BCBEDD}.Release|x86.Build.0 = Release|Any CPU
		{436DA835-75D5-4AD8-B40F-EB990C6B027D}.Debug|Any CPU.ActiveCfg = Debug|Any CPU
		{436DA835-75D5-4AD8-B40F-EB990C6B027D}.Debug|Any CPU.Build.0 = Debug|Any CPU
		{436DA835-75D5-4AD8-B40F-EB990C6B027D}.Debug|x64.ActiveCfg = Debug|Any CPU
		{436DA835-75D5-4AD8-B40F-EB990C6B027D}.Debug|x64.Build.0 = Debug|Any CPU
		{436DA835-75D5-4AD8-B40F-EB990C6B027D}.Debug|x86.ActiveCfg = Debug|Any CPU
		{436DA835-75D5-4AD8-B40F-EB990C6B027D}.Debug|x86.Build.0 = Debug|Any CPU
		{436DA835-75D5-4AD8-B40F-EB990C6B027D}.Release|Any CPU.ActiveCfg = Release|Any CPU
		{436DA835-75D5-4AD8-B40F-EB990C6B027D}.Release|Any CPU.Build.0 = Release|Any CPU
		{436DA835-75D5-4AD8-B40F-EB990C6B027D}.Release|x64.ActiveCfg = Release|Any CPU
		{436DA835-75D5-4AD8-B40F-EB990C6B027D}.Release|x64.Build.0 = Release|Any CPU
		{436DA835-75D5-4AD8-B40F-EB990C6B027D}.Release|x86.ActiveCfg = Release|Any CPU
		{436DA835-75D5-4AD8-B40F-EB990C6B027D}.Release|x86.Build.0 = Release|Any CPU
	EndGlobalSection
	GlobalSection(SolutionProperties) = preSolution
		HideSolutionNode = FALSE
	EndGlobalSection
	GlobalSection(NestedProjects) = preSolution
		{AEE1333B-3D06-460F-A522-2340A3AA2476} = {37D13FA4-AE97-4E5A-BC37-219ED418937D}
		{DBD5EA92-C827-4947-87E4-8B682347475B} = {37D13FA4-AE97-4E5A-BC37-219ED418937D}
		{1A3E7498-5707-4EC4-A265-D1C9FF0294EB} = {A94224B2-2CAC-48C2-B808-9A6AE87EF1B4}
		{2DA2F5F0-E397-4253-8CBE-A2C626DAC4DF} = {A94224B2-2CAC-48C2-B808-9A6AE87EF1B4}
		{FAE63708-9EDB-4391-82BE-3D6C13CD184A} = {A94224B2-2CAC-48C2-B808-9A6AE87EF1B4}
		{28F41B0A-8F73-434F-A751-4A92009B108E} = {A94224B2-2CAC-48C2-B808-9A6AE87EF1B4}
		{E212BF06-E6A1-4E40-8797-F951FDA82F1C} = {A94224B2-2CAC-48C2-B808-9A6AE87EF1B4}
		{202B51BF-6FDE-4E5F-B8F5-6AA2643FB792} = {A94224B2-2CAC-48C2-B808-9A6AE87EF1B4}
		{B3ABDC9C-3143-4E76-8D0F-A5DAEB7B4DA9} = {A94224B2-2CAC-48C2-B808-9A6AE87EF1B4}
		{88BB27DD-7686-4AFD-A217-143226679BAC} = {A94224B2-2CAC-48C2-B808-9A6AE87EF1B4}
		{A8655F4E-606D-46CC-B612-54DE0D060143} = {A94224B2-2CAC-48C2-B808-9A6AE87EF1B4}
		{8C5F32FE-3850-4768-83B0-C1FFF1BCBEDD} = {37D13FA4-AE97-4E5A-BC37-219ED418937D}
		{436DA835-75D5-4AD8-B40F-EB990C6B027D} = {37D13FA4-AE97-4E5A-BC37-219ED418937D}
	EndGlobalSection
EndGlobal
