<?xml version="1.0" encoding="utf-8"?>
<Project ToolsVersion="4.0" xmlns="http://schemas.microsoft.com/developer/msbuild/2003">
  <ItemGroup>
    <Filter Include="源文件">
      <UniqueIdentifier>{4FC737F1-C7A5-4376-A066-2A32D752A2FF}</UniqueIdentifier>
      <Extensions>cpp;c;cc;cxx;def;odl;idl;hpj;bat;asm;asmx</Extensions>
    </Filter>
    <Filter Include="头文件">
      <UniqueIdentifier>{93995380-89BD-4b04-88EB-625FBE52EBFB}</UniqueIdentifier>
      <Extensions>h;hh;hpp;hxx;hm;inl;inc;xsd</Extensions>
    </Filter>
    <Filter Include="资源文件">
      <UniqueIdentifier>{67DA6AB6-F800-4c08-8B7A-83BB121AAD01}</UniqueIdentifier>
      <Extensions>rc;ico;cur;bmp;dlg;rc2;rct;bin;rgs;gif;jpg;jpeg;jpe;resx;tiff;tif;png;wav;mfcribbon-ms</Extensions>
    </Filter>
    <Filter Include="DES_CBC_5">
      <UniqueIdentifier>{440ad983-e903-4e41-bea8-9be1a57b422a}</UniqueIdentifier>
    </Filter>
    <Filter Include="shm">
      <UniqueIdentifier>{4144596b-d3f1-4bf7-96d4-1fed369f1ab8}</UniqueIdentifier>
    </Filter>
  </ItemGroup>
  <ItemGroup>
    <Text Include="ReadMe.txt" />
  </ItemGroup>
  <ItemGroup>
    <ClInclude Include="stdafx.h">
      <Filter>头文件</Filter>
    </ClInclude>
    <ClInclude Include="targetver.h">
      <Filter>头文件</Filter>
    </ClInclude>
    <ClInclude Include="KV.h">
      <Filter>头文件</Filter>
    </ClInclude>
    <ClInclude Include="..\DES_CBC_5\base64.h">
      <Filter>DES_CBC_5</Filter>
    </ClInclude>
    <ClInclude Include="..\DES_CBC_5\cipher_des.h">
      <Filter>DES_CBC_5</Filter>
    </ClInclude>
    <ClInclude Include="..\DES_CBC_5\cipher_padding.h">
      <Filter>DES_CBC_5</Filter>
    </ClInclude>
    <ClInclude Include="..\DES_CBC_5\cipher_params.h">
      <Filter>DES_CBC_5</Filter>
    </ClInclude>
    <ClInclude Include="..\DES_CBC_5\DesHelper.h">
      <Filter>DES_CBC_5</Filter>
    </ClInclude>
    <ClInclude Include="..\DES_CBC_5\utils.h">
      <Filter>DES_CBC_5</Filter>
    </ClInclude>
    <ClInclude Include="..\SHM\shm\GlobalMutex.h">
      <Filter>shm</Filter>
    </ClInclude>
    <ClInclude Include="..\SHM\shm\SHM.h">
      <Filter>shm</Filter>
    </ClInclude>
  </ItemGroup>
  <ItemGroup>
    <ClCompile Include="stdafx.cpp">
      <Filter>源文件</Filter>
    </ClCompile>
    <ClCompile Include="KV.cpp">
      <Filter>源文件</Filter>
    </ClCompile>
    <ClCompile Include="dllmain.cpp">
      <Filter>源文件</Filter>
    </ClCompile>
    <ClCompile Include="..\DES_CBC_5\base64.cpp">
      <Filter>DES_CBC_5</Filter>
    </ClCompile>
    <ClCompile Include="..\DES_CBC_5\cipher_des.cpp">
      <Filter>DES_CBC_5</Filter>
    </ClCompile>
    <ClCompile Include="..\DES_CBC_5\cipher_padding.cpp">
      <Filter>DES_CBC_5</Filter>
    </ClCompile>
    <ClCompile Include="..\DES_CBC_5\DesHelper.cpp">
      <Filter>DES_CBC_5</Filter>
    </ClCompile>
    <ClCompile Include="..\DES_CBC_5\utils.cpp">
      <Filter>DES_CBC_5</Filter>
    </ClCompile>
    <ClCompile Include="..\SHM\shm\GlobalMutex.cpp">
      <Filter>shm</Filter>
    </ClCompile>
    <ClCompile Include="..\SHM\shm\SHM.cpp">
      <Filter>shm</Filter>
    </ClCompile>
  </ItemGroup>
</Project>